// !$*UTF8*$!
{
	archiveVersion = 1;
	classes = {
	};
	objectVersion = 55;
	objects = {

/* Begin PBXBuildFile section */
		C70B64B32822503B009A8FC7 /* ImageSearchView.swift in Sources */ = {isa = PBXBuildFile; fileRef = C70B64B22822503B009A8FC7 /* ImageSearchView.swift */; };
		C743C288281973D000B6215F /* FilmLogApp.swift in Sources */ = {isa = PBXBuildFile; fileRef = C743C287281973D000B6215F /* FilmLogApp.swift */; };
		C743C28C281973D300B6215F /* Assets.xcassets in Resources */ = {isa = PBXBuildFile; fileRef = C743C28B281973D300B6215F /* Assets.xcassets */; };
		C743C28F281973D300B6215F /* Preview Assets.xcassets in Resources */ = {isa = PBXBuildFile; fileRef = C743C28E281973D300B6215F /* Preview Assets.xcassets */; };
		C743C67628197EF400B6215F /* FontManager.swift in Sources */ = {isa = PBXBuildFile; fileRef = C743C67528197EF400B6215F /* FontManager.swift */; };
		C743C678281990D200B6215F /* MainView.swift in Sources */ = {isa = PBXBuildFile; fileRef = C743C677281990D200B6215F /* MainView.swift */; };
		C743C67A28199F6F00B6215F /* MainCardView.swift in Sources */ = {isa = PBXBuildFile; fileRef = C743C67928199F6F00B6215F /* MainCardView.swift */; };
		C743C6822819BBEF00B6215F /* GenreScrollView.swift in Sources */ = {isa = PBXBuildFile; fileRef = C743C6812819BBEF00B6215F /* GenreScrollView.swift */; };
		C743C6882819C79400B6215F /* AddFilmView.swift in Sources */ = {isa = PBXBuildFile; fileRef = C743C6872819C79400B6215F /* AddFilmView.swift */; };
		C76C91EE28A5962800703CCD /* RubikGlitch-Regular.ttf in Resources */ = {isa = PBXBuildFile; fileRef = C76C91ED28A5962800703CCD /* RubikGlitch-Regular.ttf */; };
		C76C91F028A59B6900703CCD /* Inconsolata-Regular.ttf in Resources */ = {isa = PBXBuildFile; fileRef = C76C91EF28A59B6900703CCD /* Inconsolata-Regular.ttf */; };
		C76C91F328A59DC300703CCD /* Genres.swift in Sources */ = {isa = PBXBuildFile; fileRef = C76C91F228A59DC300703CCD /* Genres.swift */; };
		C76C91F528AAA53400703CCD /* Inconsolata-Black.ttf in Resources */ = {isa = PBXBuildFile; fileRef = C76C91F428AAA53400703CCD /* Inconsolata-Black.ttf */; };
		C76C91FA28AB75CC00703CCD /* SearchBar.swift in Sources */ = {isa = PBXBuildFile; fileRef = C76C91F928AB75CC00703CCD /* SearchBar.swift */; };
		C76C91FC28AB90D400703CCD /* FilmSearchView.swift in Sources */ = {isa = PBXBuildFile; fileRef = C76C91FB28AB90D400703CCD /* FilmSearchView.swift */; };
		C76C91FE28AB90F700703CCD /* FilmSearchRow.swift in Sources */ = {isa = PBXBuildFile; fileRef = C76C91FD28AB90F700703CCD /* FilmSearchRow.swift */; };
		C76C920228ABDD2500703CCD /* YoutubeCarouselView.swift in Sources */ = {isa = PBXBuildFile; fileRef = C76C920128ABDD2500703CCD /* YoutubeCarouselView.swift */; };
		C7703BCE282102BF0046D608 /* FilmData.swift in Sources */ = {isa = PBXBuildFile; fileRef = C7703BCD282102BF0046D608 /* FilmData.swift */; };
		C7703BD0282102CD0046D608 /* FilmDataService.swift in Sources */ = {isa = PBXBuildFile; fileRef = C7703BCF282102CD0046D608 /* FilmDataService.swift */; };
		C7703BD2282107EA0046D608 /* FilmDataStore.swift in Sources */ = {isa = PBXBuildFile; fileRef = C7703BD1282107EA0046D608 /* FilmDataStore.swift */; };
		C7703BD4282109C10046D608 /* Utils.swift in Sources */ = {isa = PBXBuildFile; fileRef = C7703BD3282109C10046D608 /* Utils.swift */; };
		C7703BD6282117490046D608 /* FilmData+Stub.swift in Sources */ = {isa = PBXBuildFile; fileRef = C7703BD5282117490046D608 /* FilmData+Stub.swift */; };
		C7703BDC282119D90046D608 /* search_film.json in Resources */ = {isa = PBXBuildFile; fileRef = C7703BD9282119D90046D608 /* search_film.json */; };
		C7703BDD282119D90046D608 /* film_info.json in Resources */ = {isa = PBXBuildFile; fileRef = C7703BDA282119D90046D608 /* film_info.json */; };
		C7703BDE282119D90046D608 /* film_list.json in Resources */ = {isa = PBXBuildFile; fileRef = C7703BDB282119D90046D608 /* film_list.json */; };
		C7703BE028211A4D0046D608 /* ImageLoader.swift in Sources */ = {isa = PBXBuildFile; fileRef = C7703BDF28211A4D0046D608 /* ImageLoader.swift */; };
		C7703BE228211BCD0046D608 /* FilmBackdropCard.swift in Sources */ = {isa = PBXBuildFile; fileRef = C7703BE128211BCD0046D608 /* FilmBackdropCard.swift */; };
		C7703BE428211F050046D608 /* FilmBackdropCarouselView.swift in Sources */ = {isa = PBXBuildFile; fileRef = C7703BE328211F050046D608 /* FilmBackdropCarouselView.swift */; };
		C7703BE6282165D70046D608 /* FilmPosterCard.swift in Sources */ = {isa = PBXBuildFile; fileRef = C7703BE5282165D70046D608 /* FilmPosterCard.swift */; };
		C7703BE8282167B60046D608 /* FilmPosterCarouselView.swift in Sources */ = {isa = PBXBuildFile; fileRef = C7703BE7282167B60046D608 /* FilmPosterCarouselView.swift */; };
		C7703BEA28216A930046D608 /* FilmListView.swift in Sources */ = {isa = PBXBuildFile; fileRef = C7703BE928216A930046D608 /* FilmListView.swift */; };
		C7703BEC28216B460046D608 /* FilmListState.swift in Sources */ = {isa = PBXBuildFile; fileRef = C7703BEB28216B460046D608 /* FilmListState.swift */; };
		C7703BEE2821711A0046D608 /* ActivityIndicatorView.swift in Sources */ = {isa = PBXBuildFile; fileRef = C7703BED2821711A0046D608 /* ActivityIndicatorView.swift */; };
		C7703BF02821726F0046D608 /* LoadingView.swift in Sources */ = {isa = PBXBuildFile; fileRef = C7703BEF2821726F0046D608 /* LoadingView.swift */; };
		C7703BF2282199C50046D608 /* TotalView.swift in Sources */ = {isa = PBXBuildFile; fileRef = C7703BF1282199C50046D608 /* TotalView.swift */; };
		C7703BF42821A16A0046D608 /* FilmDetailView.swift in Sources */ = {isa = PBXBuildFile; fileRef = C7703BF32821A16A0046D608 /* FilmDetailView.swift */; };
		C7703BF62821A1BB0046D608 /* FilmDetailState.swift in Sources */ = {isa = PBXBuildFile; fileRef = C7703BF52821A1BB0046D608 /* FilmDetailState.swift */; };
		C7703BF82821B1A00046D608 /* SafariView.swift in Sources */ = {isa = PBXBuildFile; fileRef = C7703BF72821B1A00046D608 /* SafariView.swift */; };
		C7703BFA2821B9720046D608 /* FilmSearchState.swift in Sources */ = {isa = PBXBuildFile; fileRef = C7703BF92821B9720046D608 /* FilmSearchState.swift */; };
		C7EAA2CD281AD6E70024B05E /* ImagePicker.swift in Sources */ = {isa = PBXBuildFile; fileRef = C7EAA2CC281AD6E70024B05E /* ImagePicker.swift */; };
		C7EAA2D7281AEE5B0024B05E /* AlertToast in Frameworks */ = {isa = PBXBuildFile; productRef = C7EAA2D6281AEE5B0024B05E /* AlertToast */; };
		C7EAA2DA281BAF810024B05E /* FilmList.xcdatamodeld in Sources */ = {isa = PBXBuildFile; fileRef = C7EAA2D8281BAF810024B05E /* FilmList.xcdatamodeld */; };
		C7EAA2DC281BB02F0024B05E /* Persistence.swift in Sources */ = {isa = PBXBuildFile; fileRef = C7EAA2DB281BB02F0024B05E /* Persistence.swift */; };
		C7EAA2E0281BE6730024B05E /* EditFilmView.swift in Sources */ = {isa = PBXBuildFile; fileRef = C7EAA2DF281BE6730024B05E /* EditFilmView.swift */; };
/* End PBXBuildFile section */

/* Begin PBXFileReference section */
		C70B64B22822503B009A8FC7 /* ImageSearchView.swift */ = {isa = PBXFileReference; lastKnownFileType = sourcecode.swift; path = ImageSearchView.swift; sourceTree = "<group>"; };
		C743C284281973D000B6215F /* FilmLog.app */ = {isa = PBXFileReference; explicitFileType = wrapper.application; includeInIndex = 0; path = FilmLog.app; sourceTree = BUILT_PRODUCTS_DIR; };
		C743C287281973D000B6215F /* FilmLogApp.swift */ = {isa = PBXFileReference; lastKnownFileType = sourcecode.swift; path = FilmLogApp.swift; sourceTree = "<group>"; };
		C743C28B281973D300B6215F /* Assets.xcassets */ = {isa = PBXFileReference; lastKnownFileType = folder.assetcatalog; path = Assets.xcassets; sourceTree = "<group>"; };
		C743C28E281973D300B6215F /* Preview Assets.xcassets */ = {isa = PBXFileReference; lastKnownFileType = folder.assetcatalog; path = "Preview Assets.xcassets"; sourceTree = "<group>"; };
		C743C67428197E0E00B6215F /* Info.plist */ = {isa = PBXFileReference; lastKnownFileType = text.plist; path = Info.plist; sourceTree = "<group>"; };
		C743C67528197EF400B6215F /* FontManager.swift */ = {isa = PBXFileReference; lastKnownFileType = sourcecode.swift; path = FontManager.swift; sourceTree = "<group>"; };
		C743C677281990D200B6215F /* MainView.swift */ = {isa = PBXFileReference; lastKnownFileType = sourcecode.swift; path = MainView.swift; sourceTree = "<group>"; };
		C743C67928199F6F00B6215F /* MainCardView.swift */ = {isa = PBXFileReference; lastKnownFileType = sourcecode.swift; path = MainCardView.swift; sourceTree = "<group>"; };
		C743C6812819BBEF00B6215F /* GenreScrollView.swift */ = {isa = PBXFileReference; lastKnownFileType = sourcecode.swift; path = GenreScrollView.swift; sourceTree = "<group>"; };
		C743C6872819C79400B6215F /* AddFilmView.swift */ = {isa = PBXFileReference; lastKnownFileType = sourcecode.swift; path = AddFilmView.swift; sourceTree = "<group>"; };
		C76C91ED28A5962800703CCD /* RubikGlitch-Regular.ttf */ = {isa = PBXFileReference; lastKnownFileType = file; path = "RubikGlitch-Regular.ttf"; sourceTree = "<group>"; };
		C76C91EF28A59B6900703CCD /* Inconsolata-Regular.ttf */ = {isa = PBXFileReference; lastKnownFileType = file; path = "Inconsolata-Regular.ttf"; sourceTree = "<group>"; };
		C76C91F228A59DC300703CCD /* Genres.swift */ = {isa = PBXFileReference; lastKnownFileType = sourcecode.swift; path = Genres.swift; sourceTree = "<group>"; };
		C76C91F428AAA53400703CCD /* Inconsolata-Black.ttf */ = {isa = PBXFileReference; lastKnownFileType = file; path = "Inconsolata-Black.ttf"; sourceTree = "<group>"; };
		C76C91F928AB75CC00703CCD /* SearchBar.swift */ = {isa = PBXFileReference; lastKnownFileType = sourcecode.swift; path = SearchBar.swift; sourceTree = "<group>"; };
		C76C91FB28AB90D400703CCD /* FilmSearchView.swift */ = {isa = PBXFileReference; lastKnownFileType = sourcecode.swift; path = FilmSearchView.swift; sourceTree = "<group>"; };
		C76C91FD28AB90F700703CCD /* FilmSearchRow.swift */ = {isa = PBXFileReference; lastKnownFileType = sourcecode.swift; path = FilmSearchRow.swift; sourceTree = "<group>"; };
		C76C920128ABDD2500703CCD /* YoutubeCarouselView.swift */ = {isa = PBXFileReference; lastKnownFileType = sourcecode.swift; path = YoutubeCarouselView.swift; sourceTree = "<group>"; };
		C7703BCD282102BF0046D608 /* FilmData.swift */ = {isa = PBXFileReference; lastKnownFileType = sourcecode.swift; path = FilmData.swift; sourceTree = "<group>"; };
		C7703BCF282102CD0046D608 /* FilmDataService.swift */ = {isa = PBXFileReference; lastKnownFileType = sourcecode.swift; path = FilmDataService.swift; sourceTree = "<group>"; };
		C7703BD1282107EA0046D608 /* FilmDataStore.swift */ = {isa = PBXFileReference; lastKnownFileType = sourcecode.swift; path = FilmDataStore.swift; sourceTree = "<group>"; };
		C7703BD3282109C10046D608 /* Utils.swift */ = {isa = PBXFileReference; lastKnownFileType = sourcecode.swift; path = Utils.swift; sourceTree = "<group>"; };
		C7703BD5282117490046D608 /* FilmData+Stub.swift */ = {isa = PBXFileReference; lastKnownFileType = sourcecode.swift; path = "FilmData+Stub.swift"; sourceTree = "<group>"; };
		C7703BD9282119D90046D608 /* search_film.json */ = {isa = PBXFileReference; fileEncoding = 4; lastKnownFileType = text.json; path = search_film.json; sourceTree = "<group>"; };
		C7703BDA282119D90046D608 /* film_info.json */ = {isa = PBXFileReference; fileEncoding = 4; lastKnownFileType = text.json; path = film_info.json; sourceTree = "<group>"; };
		C7703BDB282119D90046D608 /* film_list.json */ = {isa = PBXFileReference; fileEncoding = 4; lastKnownFileType = text.json; path = film_list.json; sourceTree = "<group>"; };
		C7703BDF28211A4D0046D608 /* ImageLoader.swift */ = {isa = PBXFileReference; lastKnownFileType = sourcecode.swift; path = ImageLoader.swift; sourceTree = "<group>"; };
		C7703BE128211BCD0046D608 /* FilmBackdropCard.swift */ = {isa = PBXFileReference; lastKnownFileType = sourcecode.swift; path = FilmBackdropCard.swift; sourceTree = "<group>"; };
		C7703BE328211F050046D608 /* FilmBackdropCarouselView.swift */ = {isa = PBXFileReference; lastKnownFileType = sourcecode.swift; path = FilmBackdropCarouselView.swift; sourceTree = "<group>"; };
		C7703BE5282165D70046D608 /* FilmPosterCard.swift */ = {isa = PBXFileReference; lastKnownFileType = sourcecode.swift; path = FilmPosterCard.swift; sourceTree = "<group>"; };
		C7703BE7282167B60046D608 /* FilmPosterCarouselView.swift */ = {isa = PBXFileReference; lastKnownFileType = sourcecode.swift; path = FilmPosterCarouselView.swift; sourceTree = "<group>"; };
		C7703BE928216A930046D608 /* FilmListView.swift */ = {isa = PBXFileReference; lastKnownFileType = sourcecode.swift; path = FilmListView.swift; sourceTree = "<group>"; };
		C7703BEB28216B460046D608 /* FilmListState.swift */ = {isa = PBXFileReference; lastKnownFileType = sourcecode.swift; path = FilmListState.swift; sourceTree = "<group>"; };
		C7703BED2821711A0046D608 /* ActivityIndicatorView.swift */ = {isa = PBXFileReference; lastKnownFileType = sourcecode.swift; path = ActivityIndicatorView.swift; sourceTree = "<group>"; };
		C7703BEF2821726F0046D608 /* LoadingView.swift */ = {isa = PBXFileReference; lastKnownFileType = sourcecode.swift; path = LoadingView.swift; sourceTree = "<group>"; };
		C7703BF1282199C50046D608 /* TotalView.swift */ = {isa = PBXFileReference; lastKnownFileType = sourcecode.swift; path = TotalView.swift; sourceTree = "<group>"; };
		C7703BF32821A16A0046D608 /* FilmDetailView.swift */ = {isa = PBXFileReference; lastKnownFileType = sourcecode.swift; path = FilmDetailView.swift; sourceTree = "<group>"; };
		C7703BF52821A1BB0046D608 /* FilmDetailState.swift */ = {isa = PBXFileReference; lastKnownFileType = sourcecode.swift; path = FilmDetailState.swift; sourceTree = "<group>"; };
		C7703BF72821B1A00046D608 /* SafariView.swift */ = {isa = PBXFileReference; lastKnownFileType = sourcecode.swift; path = SafariView.swift; sourceTree = "<group>"; };
		C7703BF92821B9720046D608 /* FilmSearchState.swift */ = {isa = PBXFileReference; lastKnownFileType = sourcecode.swift; path = FilmSearchState.swift; sourceTree = "<group>"; };
		C7EAA2CC281AD6E70024B05E /* ImagePicker.swift */ = {isa = PBXFileReference; lastKnownFileType = sourcecode.swift; path = ImagePicker.swift; sourceTree = "<group>"; };
		C7EAA2D9281BAF810024B05E /* FilmList.xcdatamodel */ = {isa = PBXFileReference; lastKnownFileType = wrapper.xcdatamodel; path = FilmList.xcdatamodel; sourceTree = "<group>"; };
		C7EAA2DB281BB02F0024B05E /* Persistence.swift */ = {isa = PBXFileReference; lastKnownFileType = sourcecode.swift; path = Persistence.swift; sourceTree = "<group>"; };
		C7EAA2DF281BE6730024B05E /* EditFilmView.swift */ = {isa = PBXFileReference; lastKnownFileType = sourcecode.swift; path = EditFilmView.swift; sourceTree = "<group>"; };
/* End PBXFileReference section */

/* Begin PBXFrameworksBuildPhase section */
		C743C281281973D000B6215F /* Frameworks */ = {
			isa = PBXFrameworksBuildPhase;
			buildActionMask = 2147483647;
			files = (
				C7EAA2D7281AEE5B0024B05E /* AlertToast in Frameworks */,
			);
			runOnlyForDeploymentPostprocessing = 0;
		};
/* End PBXFrameworksBuildPhase section */

/* Begin PBXGroup section */
		C743C27B281973D000B6215F = {
			isa = PBXGroup;
			children = (
				C743C286281973D000B6215F /* FilmLog */,
				C743C285281973D000B6215F /* Products */,
			);
			sourceTree = "<group>";
		};
		C743C285281973D000B6215F /* Products */ = {
			isa = PBXGroup;
			children = (
				C743C284281973D000B6215F /* FilmLog.app */,
			);
			name = Products;
			sourceTree = "<group>";
		};
		C743C286281973D000B6215F /* FilmLog */ = {
			isa = PBXGroup;
			children = (
				C76C91F628AB759400703CCD /* Reusable */,
				C76C91F128A59DAA00703CCD /* Model */,
				C7703BD8282117BA0046D608 /* Resources */,
				C743C67428197E0E00B6215F /* Info.plist */,
				C7EAA2D8281BAF810024B05E /* FilmList.xcdatamodeld */,
				C743C287281973D000B6215F /* FilmLogApp.swift */,
				C743C28B281973D300B6215F /* Assets.xcassets */,
				C743C28D281973D300B6215F /* Preview Content */,
				C7703BC428200CB80046D608 /* View */,
				C743C66B28197D8800B6215F /* Font */,
				C7703BC628200CFD0046D608 /* Helper */,
			);
			path = FilmLog;
			sourceTree = "<group>";
		};
		C743C28D281973D300B6215F /* Preview Content */ = {
			isa = PBXGroup;
			children = (
				C743C28E281973D300B6215F /* Preview Assets.xcassets */,
			);
			path = "Preview Content";
			sourceTree = "<group>";
		};
		C743C66B28197D8800B6215F /* Font */ = {
			isa = PBXGroup;
			children = (
				C76C91F428AAA53400703CCD /* Inconsolata-Black.ttf */,
				C76C91ED28A5962800703CCD /* RubikGlitch-Regular.ttf */,
				C76C91EF28A59B6900703CCD /* Inconsolata-Regular.ttf */,
				C743C67528197EF400B6215F /* FontManager.swift */,
			);
			path = Font;
			sourceTree = "<group>";
		};
		C76C91F128A59DAA00703CCD /* Model */ = {
			isa = PBXGroup;
			children = (
				C76C91F228A59DC300703CCD /* Genres.swift */,
				C7703BCD282102BF0046D608 /* FilmData.swift */,
				C7703BDF28211A4D0046D608 /* ImageLoader.swift */,
			);
			path = Model;
			sourceTree = "<group>";
		};
		C76C91F628AB759400703CCD /* Reusable */ = {
			isa = PBXGroup;
			children = (
				C7EAA2CC281AD6E70024B05E /* ImagePicker.swift */,
				C76C91F928AB75CC00703CCD /* SearchBar.swift */,
				C743C6812819BBEF00B6215F /* GenreScrollView.swift */,
				C7703BE7282167B60046D608 /* FilmPosterCarouselView.swift */,
				C7703BE5282165D70046D608 /* FilmPosterCard.swift */,
				C7703BE328211F050046D608 /* FilmBackdropCarouselView.swift */,
				C7703BE128211BCD0046D608 /* FilmBackdropCard.swift */,
				C76C91FD28AB90F700703CCD /* FilmSearchRow.swift */,
				C76C920128ABDD2500703CCD /* YoutubeCarouselView.swift */,
				C743C67928199F6F00B6215F /* MainCardView.swift */,
				C7703BEF2821726F0046D608 /* LoadingView.swift */,
				C7703BED2821711A0046D608 /* ActivityIndicatorView.swift */,
			);
			path = Reusable;
			sourceTree = "<group>";
		};
		C7703BC428200CB80046D608 /* View */ = {
			isa = PBXGroup;
			children = (
				C743C677281990D200B6215F /* MainView.swift */,
				C743C6872819C79400B6215F /* AddFilmView.swift */,
				C7EAA2DF281BE6730024B05E /* EditFilmView.swift */,
				C7703BF1282199C50046D608 /* TotalView.swift */,
				C7703BE928216A930046D608 /* FilmListView.swift */,
				C7703BF72821B1A00046D608 /* SafariView.swift */,
				C7703BF32821A16A0046D608 /* FilmDetailView.swift */,
				C70B64B22822503B009A8FC7 /* ImageSearchView.swift */,
				C76C91FB28AB90D400703CCD /* FilmSearchView.swift */,
			);
			path = View;
			sourceTree = "<group>";
		};
		C7703BC628200CFD0046D608 /* Helper */ = {
			isa = PBXGroup;
			children = (
				C7EAA2DB281BB02F0024B05E /* Persistence.swift */,
				C7703BCF282102CD0046D608 /* FilmDataService.swift */,
				C7703BD1282107EA0046D608 /* FilmDataStore.swift */,
				C7703BD3282109C10046D608 /* Utils.swift */,
				C7703BD5282117490046D608 /* FilmData+Stub.swift */,
				C7703BEB28216B460046D608 /* FilmListState.swift */,
				C7703BF52821A1BB0046D608 /* FilmDetailState.swift */,
				C7703BF92821B9720046D608 /* FilmSearchState.swift */,
			);
			path = Helper;
			sourceTree = "<group>";
		};
		C7703BD8282117BA0046D608 /* Resources */ = {
			isa = PBXGroup;
			children = (
				C7703BDA282119D90046D608 /* film_info.json */,
				C7703BDB282119D90046D608 /* film_list.json */,
				C7703BD9282119D90046D608 /* search_film.json */,
			);
			path = Resources;
			sourceTree = "<group>";
		};
/* End PBXGroup section */

/* Begin PBXNativeTarget section */
		C743C283281973D000B6215F /* FilmLog */ = {
			isa = PBXNativeTarget;
			buildConfigurationList = C743C292281973D300B6215F /* Build configuration list for PBXNativeTarget "FilmLog" */;
			buildPhases = (
				C743C280281973D000B6215F /* Sources */,
				C743C281281973D000B6215F /* Frameworks */,
				C743C282281973D000B6215F /* Resources */,
			);
			buildRules = (
			);
			dependencies = (
			);
			name = FilmLog;
			packageProductDependencies = (
				C7EAA2D6281AEE5B0024B05E /* AlertToast */,
			);
			productName = FilmLog;
			productReference = C743C284281973D000B6215F /* FilmLog.app */;
			productType = "com.apple.product-type.application";
		};
/* End PBXNativeTarget section */

/* Begin PBXProject section */
		C743C27C281973D000B6215F /* Project object */ = {
			isa = PBXProject;
			attributes = {
				BuildIndependentTargetsInParallel = 1;
				LastSwiftUpdateCheck = 1330;
				LastUpgradeCheck = 1330;
				TargetAttributes = {
					C743C283281973D000B6215F = {
						CreatedOnToolsVersion = 13.3;
					};
				};
			};
			buildConfigurationList = C743C27F281973D000B6215F /* Build configuration list for PBXProject "FilmLog" */;
			compatibilityVersion = "Xcode 13.0";
			developmentRegion = en;
			hasScannedForEncodings = 0;
			knownRegions = (
				en,
				Base,
			);
			mainGroup = C743C27B281973D000B6215F;
			packageReferences = (
				C7EAA2D5281AEE5B0024B05E /* XCRemoteSwiftPackageReference "AlertToast" */,
			);
			productRefGroup = C743C285281973D000B6215F /* Products */;
			projectDirPath = "";
			projectRoot = "";
			targets = (
				C743C283281973D000B6215F /* FilmLog */,
			);
		};
/* End PBXProject section */

/* Begin PBXResourcesBuildPhase section */
		C743C282281973D000B6215F /* Resources */ = {
			isa = PBXResourcesBuildPhase;
			buildActionMask = 2147483647;
			files = (
				C7703BDE282119D90046D608 /* film_list.json in Resources */,
				C7703BDD282119D90046D608 /* film_info.json in Resources */,
				C7703BDC282119D90046D608 /* search_film.json in Resources */,
				C743C28F281973D300B6215F /* Preview Assets.xcassets in Resources */,
				C743C28C281973D300B6215F /* Assets.xcassets in Resources */,
				C76C91EE28A5962800703CCD /* RubikGlitch-Regular.ttf in Resources */,
				C76C91F528AAA53400703CCD /* Inconsolata-Black.ttf in Resources */,
				C76C91F028A59B6900703CCD /* Inconsolata-Regular.ttf in Resources */,
			);
			runOnlyForDeploymentPostprocessing = 0;
		};
/* End PBXResourcesBuildPhase section */

/* Begin PBXSourcesBuildPhase section */
		C743C280281973D000B6215F /* Sources */ = {
			isa = PBXSourcesBuildPhase;
			buildActionMask = 2147483647;
			files = (
				C7703BCE282102BF0046D608 /* FilmData.swift in Sources */,
				C7703BE228211BCD0046D608 /* FilmBackdropCard.swift in Sources */,
				C7EAA2DC281BB02F0024B05E /* Persistence.swift in Sources */,
				C743C6882819C79400B6215F /* AddFilmView.swift in Sources */,
				C7703BD4282109C10046D608 /* Utils.swift in Sources */,
				C7703BF02821726F0046D608 /* LoadingView.swift in Sources */,
				C7703BF62821A1BB0046D608 /* FilmDetailState.swift in Sources */,
				C7703BD0282102CD0046D608 /* FilmDataService.swift in Sources */,
				C7EAA2E0281BE6730024B05E /* EditFilmView.swift in Sources */,
				C7703BE028211A4D0046D608 /* ImageLoader.swift in Sources */,
				C76C91F328A59DC300703CCD /* Genres.swift in Sources */,
				C7EAA2DA281BAF810024B05E /* FilmList.xcdatamodeld in Sources */,
				C7703BFA2821B9720046D608 /* FilmSearchState.swift in Sources */,
				C7703BEA28216A930046D608 /* FilmListView.swift in Sources */,
				C76C91FE28AB90F700703CCD /* FilmSearchRow.swift in Sources */,
				C743C67A28199F6F00B6215F /* MainCardView.swift in Sources */,
				C7703BE6282165D70046D608 /* FilmPosterCard.swift in Sources */,
				C7703BE428211F050046D608 /* FilmBackdropCarouselView.swift in Sources */,
				C743C67628197EF400B6215F /* FontManager.swift in Sources */,
				C7EAA2CD281AD6E70024B05E /* ImagePicker.swift in Sources */,
				C76C91FA28AB75CC00703CCD /* SearchBar.swift in Sources */,
				C76C920228ABDD2500703CCD /* YoutubeCarouselView.swift in Sources */,
				C7703BEC28216B460046D608 /* FilmListState.swift in Sources */,
				C7703BF42821A16A0046D608 /* FilmDetailView.swift in Sources */,
				C7703BD2282107EA0046D608 /* FilmDataStore.swift in Sources */,
				C7703BF82821B1A00046D608 /* SafariView.swift in Sources */,
				C70B64B32822503B009A8FC7 /* ImageSearchView.swift in Sources */,
				C7703BF2282199C50046D608 /* TotalView.swift in Sources */,
				C7703BEE2821711A0046D608 /* ActivityIndicatorView.swift in Sources */,
				C76C91FC28AB90D400703CCD /* FilmSearchView.swift in Sources */,
				C743C678281990D200B6215F /* MainView.swift in Sources */,
				C743C288281973D000B6215F /* FilmLogApp.swift in Sources */,
				C7703BE8282167B60046D608 /* FilmPosterCarouselView.swift in Sources */,
				C743C6822819BBEF00B6215F /* GenreScrollView.swift in Sources */,
				C7703BD6282117490046D608 /* FilmData+Stub.swift in Sources */,
			);
			runOnlyForDeploymentPostprocessing = 0;
		};
/* End PBXSourcesBuildPhase section */

/* Begin XCBuildConfiguration section */
		C743C290281973D300B6215F /* Debug */ = {
			isa = XCBuildConfiguration;
			buildSettings = {
				ALWAYS_SEARCH_USER_PATHS = NO;
				CLANG_ANALYZER_NONNULL = YES;
				CLANG_ANALYZER_NUMBER_OBJECT_CONVERSION = YES_AGGRESSIVE;
				CLANG_CXX_LANGUAGE_STANDARD = "gnu++17";
				CLANG_ENABLE_MODULES = YES;
				CLANG_ENABLE_OBJC_ARC = YES;
				CLANG_ENABLE_OBJC_WEAK = YES;
				CLANG_WARN_BLOCK_CAPTURE_AUTORELEASING = YES;
				CLANG_WARN_BOOL_CONVERSION = YES;
				CLANG_WARN_COMMA = YES;
				CLANG_WARN_CONSTANT_CONVERSION = YES;
				CLANG_WARN_DEPRECATED_OBJC_IMPLEMENTATIONS = YES;
				CLANG_WARN_DIRECT_OBJC_ISA_USAGE = YES_ERROR;
				CLANG_WARN_DOCUMENTATION_COMMENTS = YES;
				CLANG_WARN_EMPTY_BODY = YES;
				CLANG_WARN_ENUM_CONVERSION = YES;
				CLANG_WARN_INFINITE_RECURSION = YES;
				CLANG_WARN_INT_CONVERSION = YES;
				CLANG_WARN_NON_LITERAL_NULL_CONVERSION = YES;
				CLANG_WARN_OBJC_IMPLICIT_RETAIN_SELF = YES;
				CLANG_WARN_OBJC_LITERAL_CONVERSION = YES;
				CLANG_WARN_OBJC_ROOT_CLASS = YES_ERROR;
				CLANG_WARN_QUOTED_INCLUDE_IN_FRAMEWORK_HEADER = YES;
				CLANG_WARN_RANGE_LOOP_ANALYSIS = YES;
				CLANG_WARN_STRICT_PROTOTYPES = YES;
				CLANG_WARN_SUSPICIOUS_MOVE = YES;
				CLANG_WARN_UNGUARDED_AVAILABILITY = YES_AGGRESSIVE;
				CLANG_WARN_UNREACHABLE_CODE = YES;
				CLANG_WARN__DUPLICATE_METHOD_MATCH = YES;
				COPY_PHASE_STRIP = NO;
				DEBUG_INFORMATION_FORMAT = dwarf;
				ENABLE_STRICT_OBJC_MSGSEND = YES;
				ENABLE_TESTABILITY = YES;
				GCC_C_LANGUAGE_STANDARD = gnu11;
				GCC_DYNAMIC_NO_PIC = NO;
				GCC_NO_COMMON_BLOCKS = YES;
				GCC_OPTIMIZATION_LEVEL = 0;
				GCC_PREPROCESSOR_DEFINITIONS = (
					"DEBUG=1",
					"$(inherited)",
				);
				GCC_WARN_64_TO_32_BIT_CONVERSION = YES;
				GCC_WARN_ABOUT_RETURN_TYPE = YES_ERROR;
				GCC_WARN_UNDECLARED_SELECTOR = YES;
				GCC_WARN_UNINITIALIZED_AUTOS = YES_AGGRESSIVE;
				GCC_WARN_UNUSED_FUNCTION = YES;
				GCC_WARN_UNUSED_VARIABLE = YES;
				IPHONEOS_DEPLOYMENT_TARGET = 15.4;
				MTL_ENABLE_DEBUG_INFO = INCLUDE_SOURCE;
				MTL_FAST_MATH = YES;
				ONLY_ACTIVE_ARCH = YES;
				SDKROOT = iphoneos;
				SWIFT_ACTIVE_COMPILATION_CONDITIONS = DEBUG;
				SWIFT_OPTIMIZATION_LEVEL = "-Onone";
			};
			name = Debug;
		};
		C743C291281973D300B6215F /* Release */ = {
			isa = XCBuildConfiguration;
			buildSettings = {
				ALWAYS_SEARCH_USER_PATHS = NO;
				CLANG_ANALYZER_NONNULL = YES;
				CLANG_ANALYZER_NUMBER_OBJECT_CONVERSION = YES_AGGRESSIVE;
				CLANG_CXX_LANGUAGE_STANDARD = "gnu++17";
				CLANG_ENABLE_MODULES = YES;
				CLANG_ENABLE_OBJC_ARC = YES;
				CLANG_ENABLE_OBJC_WEAK = YES;
				CLANG_WARN_BLOCK_CAPTURE_AUTORELEASING = YES;
				CLANG_WARN_BOOL_CONVERSION = YES;
				CLANG_WARN_COMMA = YES;
				CLANG_WARN_CONSTANT_CONVERSION = YES;
				CLANG_WARN_DEPRECATED_OBJC_IMPLEMENTATIONS = YES;
				CLANG_WARN_DIRECT_OBJC_ISA_USAGE = YES_ERROR;
				CLANG_WARN_DOCUMENTATION_COMMENTS = YES;
				CLANG_WARN_EMPTY_BODY = YES;
				CLANG_WARN_ENUM_CONVERSION = YES;
				CLANG_WARN_INFINITE_RECURSION = YES;
				CLANG_WARN_INT_CONVERSION = YES;
				CLANG_WARN_NON_LITERAL_NULL_CONVERSION = YES;
				CLANG_WARN_OBJC_IMPLICIT_RETAIN_SELF = YES;
				CLANG_WARN_OBJC_LITERAL_CONVERSION = YES;
				CLANG_WARN_OBJC_ROOT_CLASS = YES_ERROR;
				CLANG_WARN_QUOTED_INCLUDE_IN_FRAMEWORK_HEADER = YES;
				CLANG_WARN_RANGE_LOOP_ANALYSIS = YES;
				CLANG_WARN_STRICT_PROTOTYPES = YES;
				CLANG_WARN_SUSPICIOUS_MOVE = YES;
				CLANG_WARN_UNGUARDED_AVAILABILITY = YES_AGGRESSIVE;
				CLANG_WARN_UNREACHABLE_CODE = YES;
				CLANG_WARN__DUPLICATE_METHOD_MATCH = YES;
				COPY_PHASE_STRIP = NO;
				DEBUG_INFORMATION_FORMAT = "dwarf-with-dsym";
				ENABLE_NS_ASSERTIONS = NO;
				ENABLE_STRICT_OBJC_MSGSEND = YES;
				GCC_C_LANGUAGE_STANDARD = gnu11;
				GCC_NO_COMMON_BLOCKS = YES;
				GCC_WARN_64_TO_32_BIT_CONVERSION = YES;
				GCC_WARN_ABOUT_RETURN_TYPE = YES_ERROR;
				GCC_WARN_UNDECLARED_SELECTOR = YES;
				GCC_WARN_UNINITIALIZED_AUTOS = YES_AGGRESSIVE;
				GCC_WARN_UNUSED_FUNCTION = YES;
				GCC_WARN_UNUSED_VARIABLE = YES;
				IPHONEOS_DEPLOYMENT_TARGET = 15.4;
				MTL_ENABLE_DEBUG_INFO = NO;
				MTL_FAST_MATH = YES;
				SDKROOT = iphoneos;
				SWIFT_COMPILATION_MODE = wholemodule;
				SWIFT_OPTIMIZATION_LEVEL = "-O";
				VALIDATE_PRODUCT = YES;
			};
			name = Release;
		};
		C743C293281973D300B6215F /* Debug */ = {
			isa = XCBuildConfiguration;
			buildSettings = {
				ASSETCATALOG_COMPILER_APPICON_NAME = AppIcon;
				ASSETCATALOG_COMPILER_GLOBAL_ACCENT_COLOR_NAME = AccentColor;
				CODE_SIGN_STYLE = Automatic;
				CURRENT_PROJECT_VERSION = 1;
				DEVELOPMENT_ASSET_PATHS = "\"FilmLog/Preview Content\"";
				DEVELOPMENT_TEAM = HY8Y957QK3;
				ENABLE_PREVIEWS = YES;
				GENERATE_INFOPLIST_FILE = YES;
				INFOPLIST_FILE = FilmLog/Info.plist;
				INFOPLIST_KEY_UIApplicationSceneManifest_Generation = YES;
				INFOPLIST_KEY_UIApplicationSupportsIndirectInputEvents = YES;
				INFOPLIST_KEY_UILaunchScreen_Generation = YES;
				INFOPLIST_KEY_UISupportedInterfaceOrientations_iPad = "UIInterfaceOrientationPortrait UIInterfaceOrientationPortraitUpsideDown UIInterfaceOrientationLandscapeLeft UIInterfaceOrientationLandscapeRight";
				INFOPLIST_KEY_UISupportedInterfaceOrientations_iPhone = "UIInterfaceOrientationPortrait UIInterfaceOrientationLandscapeLeft UIInterfaceOrientationLandscapeRight";
				LD_RUNPATH_SEARCH_PATHS = (
					"$(inherited)",
					"@executable_path/Frameworks",
				);
				MARKETING_VERSION = 1.0;
				PRODUCT_BUNDLE_IDENTIFIER = com.jio.FilmLog;
				PRODUCT_NAME = "$(TARGET_NAME)";
				SWIFT_EMIT_LOC_STRINGS = YES;
				SWIFT_VERSION = 5.0;
				TARGETED_DEVICE_FAMILY = "1,2";
			};
			name = Debug;
		};
		C743C294281973D300B6215F /* Release */ = {
			isa = XCBuildConfiguration;
			buildSettings = {
				ASSETCATALOG_COMPILER_APPICON_NAME = AppIcon;
				ASSETCATALOG_COMPILER_GLOBAL_ACCENT_COLOR_NAME = AccentColor;
				CODE_SIGN_STYLE = Automatic;
				CURRENT_PROJECT_VERSION = 1;
				DEVELOPMENT_ASSET_PATHS = "\"FilmLog/Preview Content\"";
				DEVELOPMENT_TEAM = HY8Y957QK3;
				ENABLE_PREVIEWS = YES;
				GENERATE_INFOPLIST_FILE = YES;
				INFOPLIST_FILE = FilmLog/Info.plist;
				INFOPLIST_KEY_UIApplicationSceneManifest_Generation = YES;
				INFOPLIST_KEY_UIApplicationSupportsIndirectInputEvents = YES;
				INFOPLIST_KEY_UILaunchScreen_Generation = YES;
				INFOPLIST_KEY_UISupportedInterfaceOrientations_iPad = "UIInterfaceOrientationPortrait UIInterfaceOrientationPortraitUpsideDown UIInterfaceOrientationLandscapeLeft UIInterfaceOrientationLandscapeRight";
				INFOPLIST_KEY_UISupportedInterfaceOrientations_iPhone = "UIInterfaceOrientationPortrait UIInterfaceOrientationLandscapeLeft UIInterfaceOrientationLandscapeRight";
				LD_RUNPATH_SEARCH_PATHS = (
					"$(inherited)",
					"@executable_path/Frameworks",
				);
				MARKETING_VERSION = 1.0;
				PRODUCT_BUNDLE_IDENTIFIER = com.jio.FilmLog;
				PRODUCT_NAME = "$(TARGET_NAME)";
				SWIFT_EMIT_LOC_STRINGS = YES;
				SWIFT_VERSION = 5.0;
				TARGETED_DEVICE_FAMILY = "1,2";
			};
			name = Release;
		};
/* End XCBuildConfiguration section */

/* Begin XCConfigurationList section */
		C743C27F281973D000B6215F /* Build configuration list for PBXProject "FilmLog" */ = {
			isa = XCConfigurationList;
			buildConfigurations = (
				C743C290281973D300B6215F /* Debug */,
				C743C291281973D300B6215F /* Release */,
			);
			defaultConfigurationIsVisible = 0;
			defaultConfigurationName = Release;
		};
		C743C292281973D300B6215F /* Build configuration list for PBXNativeTarget "FilmLog" */ = {
			isa = XCConfigurationList;
			buildConfigurations = (
				C743C293281973D300B6215F /* Debug */,
				C743C294281973D300B6215F /* Release */,
			);
			defaultConfigurationIsVisible = 0;
			defaultConfigurationName = Release;
		};
/* End XCConfigurationList section */

/* Begin XCRemoteSwiftPackageReference section */
		C7EAA2D5281AEE5B0024B05E /* XCRemoteSwiftPackageReference "AlertToast" */ = {
			isa = XCRemoteSwiftPackageReference;
			repositoryURL = "https://github.com/elai950/AlertToast.git";
			requirement = {
				kind = upToNextMajorVersion;
				minimumVersion = 1.0.0;
			};
		};
/* End XCRemoteSwiftPackageReference section */

/* Begin XCSwiftPackageProductDependency section */
		C7EAA2D6281AEE5B0024B05E /* AlertToast */ = {
			isa = XCSwiftPackageProductDependency;
			package = C7EAA2D5281AEE5B0024B05E /* XCRemoteSwiftPackageReference "AlertToast" */;
			productName = AlertToast;
		};
/* End XCSwiftPackageProductDependency section */

/* Begin XCVersionGroup section */
		C7EAA2D8281BAF810024B05E /* FilmList.xcdatamodeld */ = {
			isa = XCVersionGroup;
			children = (
				C7EAA2D9281BAF810024B05E /* FilmList.xcdatamodel */,
			);
			currentVersion = C7EAA2D9281BAF810024B05E /* FilmList.xcdatamodel */;
			path = FilmList.xcdatamodeld;
			sourceTree = "<group>";
			versionGroupType = wrapper.xcdatamodel;
		};
/* End XCVersionGroup section */
	};
	rootObject = C743C27C281973D000B6215F /* Project object */;
}
